# This file was autogenerated by Stack.
# You should not edit this file by hand.
# For more information, please see the documentation at:
#   https://docs.haskellstack.org/en/stable/lock_files

packages:
- completed:
    hackage: unix-2.7.2.2@sha256:15f5365c5995634e45de1772b9504761504a310184e676bc2ef60a14536dbef9,3496
    pantry-tree:
      size: 3536
      sha256: 36434ced74d679622d61b69e8d92e1bd632d9ef3e284c63094653b2e473b0553
  original:
    hackage: unix-2.7.2.2
snapshots:
- completed:
    size: 586292
    url: https://raw.githubusercontent.com/commercialhaskell/stackage-snapshots/master/lts/18/17.yaml
    sha256: e66e70a7f998036025e8f40abc89b8eeb79c88f57727020cba1b54f375aa7ca0
  original:
    url: https://raw.githubusercontent.com/commercialhaskell/stackage-snapshots/master/lts/18/17.yaml
